
Microsoft Visual Studio Solution File, Format Version 12.00
# Visual Studio Version 16
VisualStudioVersion = 16.0.30413.136
MinimumVisualStudioVersion = 10.0.40219.1
Project("{FAE04EC0-301F-11D3-BF4B-00C04F79EFBC}") = "CopyDirectory.Functions", "CopyDirectory.Functions\CopyDirectory.Functions.csproj", "{515063C8-03C3-4902-91DD-98B374952E8E}"
EndProject
Project("{FAE04EC0-301F-11D3-BF4B-00C04F79EFBC}") = "CopyDirectory.Tests", "CopyDirectory.Tests\CopyDirectory.Tests.csproj", "{12832688-6952-4BF4-B4B3-2796CC53ECD1}"
EndProject
Project("{FAE04EC0-301F-11D3-BF4B-00C04F79EFBC}") = "CopyDirectory.ConsoleApp", "CopyDirectory.ConsoleApp\CopyDirectory.ConsoleApp.csproj", "{485144CB-29EF-48D0-B1F8-1D086F54985D}"
EndProject
Global
	GlobalSection(SolutionConfigurationPlatforms) = preSolution
		Debug|Any CPU = Debug|Any CPU
		Release|Any CPU = Release|Any CPU
	EndGlobalSection
	GlobalSection(ProjectConfigurationPlatforms) = postSolution
		{515063C8-03C3-4902-91DD-98B374952E8E}.Debug|Any CPU.ActiveCfg = Debug|Any CPU
		{515063C8-03C3-4902-91DD-98B374952E8E}.Debug|Any CPU.Build.0 = Debug|Any CPU
		{515063C8-03C3-4902-91DD-98B374952E8E}.Release|Any CPU.ActiveCfg = Release|Any CPU
		{515063C8-03C3-4902-91DD-98B374952E8E}.Release|Any CPU.Build.0 = Release|Any CPU
		{12832688-6952-4BF4-B4B3-2796CC53ECD1}.Debug|Any CPU.ActiveCfg = Debug|Any CPU
		{12832688-6952-4BF4-B4B3-2796CC53ECD1}.Debug|Any CPU.Build.0 = Debug|Any CPU
		{12832688-6952-4BF4-B4B3-2796CC53ECD1}.Release|Any CPU.ActiveCfg = Release|Any CPU
		{12832688-6952-4BF4-B4B3-2796CC53ECD1}.Release|Any CPU.Build.0 = Release|Any CPU
		{485144CB-29EF-48D0-B1F8-1D086F54985D}.Debug|Any CPU.ActiveCfg = Debug|Any CPU
		{485144CB-29EF-48D0-B1F8-1D086F54985D}.Debug|Any CPU.Build.0 = Debug|Any CPU
		{485144CB-29EF-48D0-B1F8-1D086F54985D}.Release|Any CPU.ActiveCfg = Release|Any CPU
		{485144CB-29EF-48D0-B1F8-1D086F54985D}.Release|Any CPU.Build.0 = Release|Any CPU
	EndGlobalSection
	GlobalSection(SolutionProperties) = preSolution
		HideSolutionNode = FALSE
	EndGlobalSection
	GlobalSection(ExtensibilityGlobals) = postSolution
		SolutionGuid = {BC47BBDA-4650-4951-B28A-E21DD8A00793}
	EndGlobalSection
EndGlobal
